# This file is generated by running "yarn install" inside your project.
# Manual changes might be lost - proceed with caution!

__metadata:
  version: 4
  cacheKey: 5

"@devicefarmer/adbkit-logcat@npm:^2.0.1":
  version: 2.0.1
  resolution: "@devicefarmer/adbkit-logcat@npm:2.0.1"
  checksum: c84f64511addaceb212c938e2e60177ea506a4717f6845404e59d0d8c1817e221e38bfd6e069b34a5c6e38bdbae66d3d39f0137e83d9ed6d07db75a85631d6ab
  languageName: node
  linkType: hard

"@devicefarmer/adbkit-monkey@github:revrobotics/adbkit-monkey":
  version: 1.0.1
  resolution: "@devicefarmer/adbkit-monkey@https://github.com/revrobotics/adbkit-monkey.git#commit=11382ab6bfa9966bc800f9913be70c4836ac2acf"
  dependencies:
    async: ~0.2.9
  checksum: dff8de9d00c253b34926b42ab8d7dfe05dbe67ac7cac1f6b70a2a026a97bf3d04d72aa961a88baa1b633512b9ecaa132ecb28fd79b7bb74728b4fe86f065e963
  languageName: node
  linkType: hard

"@devicefarmer/adbkit@workspace:.":
  version: 0.0.0-use.local
  resolution: "@devicefarmer/adbkit@workspace:."
  dependencies:
    "@devicefarmer/adbkit-logcat": ^2.0.1
    "@devicefarmer/adbkit-monkey": "github:revrobotics/adbkit-monkey"
    bench: ~0.3.5
    bluebird: ~2.9.24
    chai: ~2.2.0
    coffee-script: ~1.9.1
    coffeelint: ~1.9.3
    commander: ^2.3.0
    debug: ~2.6.3
    grunt: ~0.4.5
    grunt-cli: ~0.1.13
    grunt-coffeelint: 0.0.13
    grunt-contrib-clean: ~0.6.0
    grunt-contrib-coffee: ~0.13.0
    grunt-contrib-watch: ~0.6.1
    grunt-exec: ~0.4.3
    grunt-jsonlint: ~1.0.4
    grunt-notify: ~0.4.1
    mocha: ~2.2.1
    node-forge: ^0.7.1
    sinon: ~1.14.1
    sinon-chai: ~2.7.0
    split: ~0.3.3
  bin:
    adbkit: ./bin/adbkit
  languageName: unknown
  linkType: soft

"JSV@npm:>= 4.0.x":
  version: 4.0.2
  resolution: "JSV@npm:4.0.2"
  checksum: c48771baa0935da2734ba99ee026856c78a25c83242211a7074b51c51d287013a97f1b54500645d28080910933ad750595b67f186fcc6649edc0f23635c930e1
  languageName: node
  linkType: hard

"abbrev@npm:1":
  version: 1.1.1
  resolution: "abbrev@npm:1.1.1"
  checksum: 9f9236a3cc7f56c167be3aa81c77fcab2e08dfb8047b7861b91440f20b299b9442255856bdbe9d408d7e96a0b64a36e1c27384251126962490b4eee841b533e0
  languageName: node
  linkType: hard

"ansi-regex@npm:^0.2.0, ansi-regex@npm:^0.2.1":
  version: 0.2.1
  resolution: "ansi-regex@npm:0.2.1"
  checksum: 02d72aea8823265473bb61bddfa421be5fd854de65bc9e2943cd4df2c95a88c5770e23e3c9125953bedf061b39f884b9b2105e1c62a601bb771d4735d5a15307
  languageName: node
  linkType: hard

"ansi-regex@npm:^2.0.0":
  version: 2.1.1
  resolution: "ansi-regex@npm:2.1.1"
  checksum: 93a53c923fd433f67cd3d5647dffa6790f37bbfb924cf73ad23e28a8e414bde142d1da260d9a2be52ac4aa382063196880b1d40cf8b547642c746ed538ebf6c4
  languageName: node
  linkType: hard

"ansi-styles@npm:^1.1.0":
  version: 1.1.0
  resolution: "ansi-styles@npm:1.1.0"
  checksum: 63957e50fd91a92344a0438c987f0ad0e6ea2cc3fb6245a328c68f11aaeb3ac221621a45ee923fb164bf1d885d722b0063aa2f3eb0beacae2b33eb371f93962f
  languageName: node
  linkType: hard

"ansi-styles@npm:^2.2.1":
  version: 2.2.1
  resolution: "ansi-styles@npm:2.2.1"
  checksum: 108c7496372982f1ee53f3f09975de89cc771d2f7c89a32d56ab7a542f67b7de97391c9c16b43b39eb7ea176d3cfbb15975b6b355ae827f15f5a457b1b9dec31
  languageName: node
  linkType: hard

"ansi-styles@npm:~1.0.0":
  version: 1.0.0
  resolution: "ansi-styles@npm:1.0.0"
  checksum: ae73b4e77dc35d47bf2c2eaf023c2a935a5bca01fe11eecaea307ee70ffb9d531db36e2cfc4cc0448e26cc40986b55a708a64c6f3e8589ec5d3cd44d2934b471
  languageName: node
  linkType: hard

"argparse@npm:~ 0.1.11":
  version: 0.1.16
  resolution: "argparse@npm:0.1.16"
  dependencies:
    underscore: ~1.7.0
    underscore.string: ~2.4.0
  checksum: 0e90d62409b0148186ca7a40f38b997e0d1b749cd42354d29c70bbde28f05ec739ca3c198ad0e34641b4c108d6872c3e5cd6b2ed07014116becc77c711417d53
  languageName: node
  linkType: hard

"array-filter@npm:^1.0.0":
  version: 1.0.0
  resolution: "array-filter@npm:1.0.0"
  checksum: e0edbae5296e6904f369b5ad2919e932b6aa4ac525951b8713f4379183bbeb2f73c3e788dca1104b95c5ed919c430ba0a4b036dfb32be492665ba5213e80791c
  languageName: node
  linkType: hard

"assertion-error@npm:1.0.0":
  version: 1.0.0
  resolution: "assertion-error@npm:1.0.0"
  checksum: 0f637e0ade586a36816b2c11840e6d41a0cc8a5339b85f4503b2a6f0b69683f01d9a2bc177eb704a542f45fdeee29feb613f957133632235c3d1dae8eba1a924
  languageName: node
  linkType: hard

"async@npm:~0.1.22":
  version: 0.1.22
  resolution: "async@npm:0.1.22"
  checksum: 23eec62d0499d77185cadfe39edd52d52ae479ea9bb87c9a034f60b11de971a80e77593c34b1feab5141bcafa0766fb88decb021940555cb7422c68a3d85caaa
  languageName: node
  linkType: hard

"async@npm:~0.2.9":
  version: 0.2.10
  resolution: "async@npm:0.2.10"
  checksum: 8fd2b938bbdbcd48188e7025f2202cb5fc5fce704347337e664971b439da9e2ee7c441b344568647d0c426e5bdc9100c8d4ec3c497a888e2b9878c367aa68979
  languageName: node
  linkType: hard

"available-typed-arrays@npm:^1.0.0, available-typed-arrays@npm:^1.0.2":
  version: 1.0.2
  resolution: "available-typed-arrays@npm:1.0.2"
  dependencies:
    array-filter: ^1.0.0
  checksum: 1f01d36fa3f25a06fd00968a1bc32fa75e5b56268828be5a7c6d0bdf37be0d7517d1b9aa5f1a6d2626725cb59708e280c5a9cf9a1b4d86f5e571d48168904061
  languageName: node
  linkType: hard

"balanced-match@npm:^1.0.0":
  version: 1.0.0
  resolution: "balanced-match@npm:1.0.0"
  checksum: f515a605fe1b59f476f7477c5e1d53ad55b4f42982fca1d57b6701906f4ad1f1ac90fd6587d92cc1af2edb43eecf979214dd847ee410a6de9db4ebf0dd128d62
  languageName: node
  linkType: hard

"bench@npm:~0.3.5":
  version: 0.3.6
  resolution: "bench@npm:0.3.6"
  bin:
    node-bench: ./lib/cli-wrapper.js
  checksum: 5f67538f02578e2581564e925036ae89b17e450a825211216f6898cf47f5b588d52c1506c41d296e3dbe70a85c3f50f8124c3e020ec56b09e67b006756954e55
  languageName: node
  linkType: hard

"bluebird@npm:~2.9.24":
  version: 2.9.34
  resolution: "bluebird@npm:2.9.34"
  checksum: 30f078e341de4c76766950d369a4191a36f2ecbe33cb268476254acd2b8fbf42d5f2f882c71913d31312a6b022a203d52c087697017e2612ad41f4b4253e78f8
  languageName: node
  linkType: hard

"brace-expansion@npm:^1.0.0":
  version: 1.1.11
  resolution: "brace-expansion@npm:1.1.11"
  dependencies:
    balanced-match: ^1.0.0
    concat-map: 0.0.1
  checksum: 4c878e25e4858baf801945dfd63eb68feab2e502cf1122f25f3915c0e3bf397af3a93ff6bef0798db41c0d81ef28c08e55daac38058710f749a3b96eee6b8f40
  languageName: node
  linkType: hard

"chai@npm:~2.2.0":
  version: 2.2.0
  resolution: "chai@npm:2.2.0"
  dependencies:
    assertion-error: 1.0.0
    deep-eql: 0.1.3
  checksum: 90176772012c2cf208fad6a51b79ac4a06326229b5d5ff113c172054601710f5d71dcdcc2fa81824696b74f6459a037e884b92277579e8f45f38bd6e43a37020
  languageName: node
  linkType: hard

"chalk@npm:^0.5.1":
  version: 0.5.1
  resolution: "chalk@npm:0.5.1"
  dependencies:
    ansi-styles: ^1.1.0
    escape-string-regexp: ^1.0.0
    has-ansi: ^0.1.0
    strip-ansi: ^0.3.0
    supports-color: ^0.2.0
  checksum: 9c233e6784f6152f6a3b0d0a41f21655c8dce976cc5c4071274ce24241199b343915630096eb477875b9c30b9499add4985f5ffb7a81f6a6b59d130618193efc
  languageName: node
  linkType: hard

"chalk@npm:^1.0.0":
  version: 1.1.3
  resolution: "chalk@npm:1.1.3"
  dependencies:
    ansi-styles: ^2.2.1
    escape-string-regexp: ^1.0.2
    has-ansi: ^2.0.0
    strip-ansi: ^3.0.0
    supports-color: ^2.0.0
  checksum: bc2df54f6da63d0918254aa2d79dd87f75442e35c751b07f5ca37e5886dd0963472e37ee8c5fa6da27710fdfa0e10779c72be4a6c860c67e96769ba63ee2901e
  languageName: node
  linkType: hard

"chalk@npm:~0.4.0":
  version: 0.4.0
  resolution: "chalk@npm:0.4.0"
  dependencies:
    ansi-styles: ~1.0.0
    has-color: ~0.1.0
    strip-ansi: ~0.1.0
  checksum: 77dac10ed002475631aa4dd420f06f4f27569b6d516fa130e8a7b02c9562af78af23209d2145afb07f423a2ca9dddb9d0658f75f6d559e3f47146e25866c6eeb
  languageName: node
  linkType: hard

"coffee-script@npm:^1.9.1, coffee-script@npm:~1.9.1":
  version: 1.9.3
  resolution: "coffee-script@npm:1.9.3"
  bin:
    cake: ./bin/cake
    coffee: ./bin/coffee
  checksum: 0108f0dc452baf300ba802ba39b8c4f61a45ed94cc068a315f41b8cecacae0d35e554de2a795423146a4fff66d749a75de18554a25fdcf6769f27d463b05191b
  languageName: node
  linkType: hard

"coffee-script@npm:~1.3.3":
  version: 1.3.3
  resolution: "coffee-script@npm:1.3.3"
  bin:
    cake: ./bin/cake
    coffee: ./bin/coffee
  checksum: 6603afa97fb78990315406146b5f3e2d623ddd4f9d1efec1676d22ea83719b9704bcd49fb009adbaeb1e9b0dd8cf0021f564313123dca8aa3c01f61e6474a109
  languageName: node
  linkType: hard

"coffeelint-stylish@npm:~0.1.0":
  version: 0.1.2
  resolution: "coffeelint-stylish@npm:0.1.2"
  dependencies:
    chalk: ^1.0.0
    text-table: ^0.2.0
  checksum: 03b8a25d14bc287ddc78b5a149594a01c0fbd2d44f113759a246877ba4858e5f7bb4c8ad038e8ddbeb01c4cda1db5bab9649e82429be483aa62f287540883ead
  languageName: node
  linkType: hard

"coffeelint@npm:~1.9.3":
  version: 1.9.7
  resolution: "coffeelint@npm:1.9.7"
  dependencies:
    coffee-script: ^1.9.1
    glob: ^4.0.0
    ignore: ^2.2.15
    optimist: ^0.6.1
    resolve: ^0.6.3
    strip-json-comments: ^1.0.2
  bin:
    coffeelint: ./bin/coffeelint
  checksum: da777f1fe0a5edd3178f72c67171d45a6a74b4b5fd9f8c00edddd263312c992ea7add1a26d9fe673295d4492f559968beb2b6e20a7b1cd8cab2f5ef7bc68654e
  languageName: node
  linkType: hard

"colors@npm:~0.6.2":
  version: 0.6.2
  resolution: "colors@npm:0.6.2"
  checksum: aff80ae334d8cb84c48b24696d55e0d18199abdc1a6f814191de28733c6b3cbd5bd3f66a9154bae049c4e5c84edf2c1d6cca16981d588e0a6cf0fd72e69d0c36
  languageName: node
  linkType: hard

"commander@npm:0.6.1":
  version: 0.6.1
  resolution: "commander@npm:0.6.1"
  checksum: 877e50ab6a2539be290c8a13e0b4757d9631310eeaa52ed313de33f0e8690e62dcb5df8ba418db4e6dae953b8866f017fe6d5552e1ea0f69d27600f2b56fecbe
  languageName: node
  linkType: hard

"commander@npm:2.3.0":
  version: 2.3.0
  resolution: "commander@npm:2.3.0"
  checksum: 66aef378d9491fc2ac0376d715e78733269afe3e779ebce7bd45da00331dd2a2e325b1da6c1f4d79af3028f21fff3dbce2f167e51c1f186c68ddba658035ecdc
  languageName: node
  linkType: hard

"commander@npm:^2.3.0":
  version: 2.20.3
  resolution: "commander@npm:2.20.3"
  checksum: b73428e97de7624323f81ba13f8ed9271de487017432d18b4da3f07cfc528ad754bbd199004bd5d14e0ccd67d1fdfe0ec8dbbd4c438b401df3c4cc387bfd1daa
  languageName: node
  linkType: hard

"concat-map@npm:0.0.1":
  version: 0.0.1
  resolution: "concat-map@npm:0.0.1"
  checksum: 554e28d9ee5aa6e061795473ee092cb3d3a2cbdb76c35416e0bb6e03f136d7d07676da387b2ed0ec4106cedbb6534080d9abc48ecc4a92b76406cf2d0c3c0c4b
  languageName: node
  linkType: hard

"dateformat@npm:1.0.2-1.2.3":
  version: 1.0.2-1.2.3
  resolution: "dateformat@npm:1.0.2-1.2.3"
  checksum: faf8a5a4ece1a383c9a5a43f6ead134ae4f062d939ffc210785ee2908274aa54b9f59d72a9e4633aed4ef2250f1763c8be11cfb5225ac4076398106fffdc780a
  languageName: node
  linkType: hard

"debug@npm:2.0.0":
  version: 2.0.0
  resolution: "debug@npm:2.0.0"
  dependencies:
    ms: 0.6.2
  checksum: 0d3aafea6f4d2fac3e1ad295c17927aeb1188b51184cc1a39a061911fde969c1ff9139a14f895b592f2a82035fc507ef9ec78ebddcba6aba4be0fe6e195abde7
  languageName: node
  linkType: hard

"debug@npm:~0.7.0":
  version: 0.7.4
  resolution: "debug@npm:0.7.4"
  checksum: 659c076bef89b0f95951aaa0d392cc6ed128598f2501e4719ea6285d24b960b1816f77614c50024882cb1254c0c7426990f0bd05736eb5dfc60fb652f790f8c8
  languageName: node
  linkType: hard

"debug@npm:~2.6.3":
  version: 2.6.9
  resolution: "debug@npm:2.6.9"
  dependencies:
    ms: 2.0.0
  checksum: 559f44f98cf25e2ee489022aec173afbff746564cb108c4493becb95bc3c017a67bdaa25a0ff64801fd32c35051d00af0e56cc7f762ae2c3bc089496e5a1c31b
  languageName: node
  linkType: hard

"deep-eql@npm:0.1.3":
  version: 0.1.3
  resolution: "deep-eql@npm:0.1.3"
  dependencies:
    type-detect: 0.1.1
  checksum: 1a9e6cac3acc6b40204b80f516731fcb88c53adabbdaf68520d8b5531370aa01c38e17612e9a49ede18daec166aeca3286c501e9fc743f789f4e8d44234685dc
  languageName: node
  linkType: hard

"define-properties@npm:^1.1.2, define-properties@npm:^1.1.3":
  version: 1.1.3
  resolution: "define-properties@npm:1.1.3"
  dependencies:
    object-keys: ^1.0.12
  checksum: b69c48c1b1dacb61f0b1cea367707c3bb214e3c47818aff18e6f20a7f88cbfa33d4cbdfd9ff79e56faba95ddca3d78ff10fbf2f02ecfad6f3e13b256e76b1212
  languageName: node
  linkType: hard

"diff@npm:1.4.0":
  version: 1.4.0
  resolution: "diff@npm:1.4.0"
  checksum: 24f9c6e5960a8d53f3fe7df38453cc7d9a2a08e29bdbac62e7097fdff07ca4c7bcccbc0a01b4e5cd713a820368c26b4c631f0199be886eb453bd327b1bf03425
  languageName: node
  linkType: hard

"es-abstract@npm:^1.17.4, es-abstract@npm:^1.17.5":
  version: 1.17.6
  resolution: "es-abstract@npm:1.17.6"
  dependencies:
    es-to-primitive: ^1.2.1
    function-bind: ^1.1.1
    has: ^1.0.3
    has-symbols: ^1.0.1
    is-callable: ^1.2.0
    is-regex: ^1.1.0
    object-inspect: ^1.7.0
    object-keys: ^1.1.1
    object.assign: ^4.1.0
    string.prototype.trimend: ^1.0.1
    string.prototype.trimstart: ^1.0.1
  checksum: 637ad488bdcbc538dfb35ee30cdbe5e48ecf68c5145a368c8f1be346e83d2555e416709e9382eb9902e542da94763cdd2152d87dbbb01b5b39919c1329bd0bb4
  languageName: node
  linkType: hard

"es-to-primitive@npm:^1.2.1":
  version: 1.2.1
  resolution: "es-to-primitive@npm:1.2.1"
  dependencies:
    is-callable: ^1.1.4
    is-date-object: ^1.0.1
    is-symbol: ^1.0.2
  checksum: d20b7be268b84662469972ec7265a57d4d6a65b9bf2b73f040d75e14f9f6dbe266a1a88579162e11349f9cb70eaa17640efb515c90dab19745a904b680b14be3
  languageName: node
  linkType: hard

"escape-string-regexp@npm:1.0.2, escape-string-regexp@npm:^1.0.0, escape-string-regexp@npm:^1.0.2":
  version: 1.0.2
  resolution: "escape-string-regexp@npm:1.0.2"
  checksum: d9c610f5b33dcfcff2640a5350d57638270177fcceb81a7d50ef056dbca357b3f416933a0bc2f4ad1e7cbd176323fc7b3338077451ed85e339bea6de23e5a89f
  languageName: node
  linkType: hard

"esprima@npm:~ 1.0.2":
  version: 1.0.4
  resolution: "esprima@npm:1.0.4"
  bin:
    esparse: ./bin/esparse.js
    esvalidate: ./bin/esvalidate.js
  checksum: caa4d97286b2bf8a366688c775af24339b9b887f1023506342d0bed3fbfa9a816d6ebf20c22a18ef5bb1e9bb2729dca4acb762aa9b68859f47787a2834425b5c
  languageName: node
  linkType: hard

"eventemitter2@npm:~0.4.13":
  version: 0.4.14
  resolution: "eventemitter2@npm:0.4.14"
  checksum: 536769c9253954e40ca9ba4a571a42c3cea885929b262aa1daf821ca24ed8127841f53f5d6027fc17d3c26c1e3546b6743d5099842ea45505c39d06b0c5bef96
  languageName: node
  linkType: hard

"exit@npm:~0.1.1":
  version: 0.1.2
  resolution: "exit@npm:0.1.2"
  checksum: 64022f65df300964bb588a503ecbc582a2d2d4db12f777b64495e840274ec17a71099e5cdc06dc970aba9795d8bbb9ccb6ba016844fdbd6b74541f4fdb25f201
  languageName: node
  linkType: hard

"faye-websocket@npm:~0.4.3":
  version: 0.4.4
  resolution: "faye-websocket@npm:0.4.4"
  checksum: 91789d70f0d08d57d4b068796423ad31b93f38985d07f30c96d69300723957614ed682988e9b88b3b2d90f2bc2af87e9228d34c0641b36a0e005cc4f83b44a9e
  languageName: node
  linkType: hard

"findup-sync@npm:~0.1.0, findup-sync@npm:~0.1.2":
  version: 0.1.3
  resolution: "findup-sync@npm:0.1.3"
  dependencies:
    glob: ~3.2.9
    lodash: ~2.4.1
  checksum: a47e56dd4b7b79f65afc620600372d3dfe2572465e63d5079facfc2c96469bb8e0526cd77417f867bd26d33483b207ba1ed5fd07d425d544be9dffc06606690c
  languageName: node
  linkType: hard

"foreach@npm:^2.0.5":
  version: 2.0.5
  resolution: "foreach@npm:2.0.5"
  checksum: 890d6c3dec185be6b1f7a94003d67d1b36a068fd7ac5a89f92818c3459d7d43e040a0b228a632e2e50d8a5aa804da6a5d27258ccbc1b7b724fe39eea3834f240
  languageName: node
  linkType: hard

"formatio@npm:1.1.1":
  version: 1.1.1
  resolution: "formatio@npm:1.1.1"
  dependencies:
    samsam: ~1.1
  checksum: ff3f7876336c3699f0ec1734aba9cceb0dba103e45155b7ff3a7b9c47288cd01a1918670354bafbd1efcc39b5ee48e7066815dc572badce6c2bc95afd301402b
  languageName: node
  linkType: hard

"function-bind@npm:^1.1.1":
  version: 1.1.1
  resolution: "function-bind@npm:1.1.1"
  checksum: ffad86e7d2010ba179aaa6a3987d2cc0ed48fa92d27f1ed84bfa06d14f77deeed5bfbae7f00bdebc0c54218392cab2b18ecc080e2c72f592431927b87a27d42b
  languageName: node
  linkType: hard

"gaze@npm:~0.5.1":
  version: 0.5.2
  resolution: "gaze@npm:0.5.2"
  dependencies:
    globule: ~0.1.0
  checksum: b0fe86292648cc4be9130c06ee2e447ef18d11668ea709266e0eff0349faa3659551a104dc243cf34b66a290aeeaae3646c8634ec8da3be246bd2e0d0299fb43
  languageName: node
  linkType: hard

"getobject@npm:~0.1.0":
  version: 0.1.0
  resolution: "getobject@npm:0.1.0"
  checksum: c5fd784327140e6e76efd82a0fc9be992298d20f35a50d3f41c7508bd9285aee3d3b9fa55a39ce59c66a26fd281bf2e9c2181bbc2c25ca4d51ebbb870f5f3f8d
  languageName: node
  linkType: hard

"glob@npm:3.2.3":
  version: 3.2.3
  resolution: "glob@npm:3.2.3"
  dependencies:
    graceful-fs: ~2.0.0
    inherits: 2
    minimatch: ~0.2.11
  checksum: fa2cb0c45d0e9f371e4e082bd0faaa81b8f3f34edc1074dcb277153eedd7f984d85508206d91e5df6bf30ebe755a2eadb64247ca40d63c39784b31237eb52973
  languageName: node
  linkType: hard

"glob@npm:^4.0.0":
  version: 4.5.3
  resolution: "glob@npm:4.5.3"
  dependencies:
    inflight: ^1.0.4
    inherits: 2
    minimatch: ^2.0.1
    once: ^1.3.0
  checksum: d119abfac40e5aa597f5cbf0f4fe781b5b425f461539092e40f07f94e36bd23ddb62152053f505274316bbc1906f0b82f656fe3106e5acda12d41c12df0be122
  languageName: node
  linkType: hard

"glob@npm:~3.1.21":
  version: 3.1.21
  resolution: "glob@npm:3.1.21"
  dependencies:
    graceful-fs: ~1.2.0
    inherits: 1
    minimatch: ~0.2.11
  checksum: 522daac4312901d33ba4e78dddeca2b8091afbfe6eed5dba1f6be94cfdfd5ebc15977c2218dedd1d1048cf95d4f2562e81b6c15ff0c230270cf344ac2dafaf00
  languageName: node
  linkType: hard

"glob@npm:~3.2.9":
  version: 3.2.11
  resolution: "glob@npm:3.2.11"
  dependencies:
    inherits: 2
    minimatch: 0.3
  checksum: 78976200a738fb33ad51762b1adb6fae3644809f2304e64f863c6b250dd8268b7ca6450690e92ed70a7b211cb101614039bb95449ec578318200b1cc5dda1935
  languageName: node
  linkType: hard

"globule@npm:~0.1.0":
  version: 0.1.0
  resolution: "globule@npm:0.1.0"
  dependencies:
    glob: ~3.1.21
    lodash: ~1.0.1
    minimatch: ~0.2.11
  checksum: 4649cf0c2269ea2d44fee3142af24986d187f8c7c1dffb4ef39fb29ed67c8c20f8aff3de5e437e2b08d7d769aa6bf162dfa5a70485393a3e3f2922fdfad95f73
  languageName: node
  linkType: hard

"graceful-fs@npm:~1.2.0":
  version: 1.2.3
  resolution: "graceful-fs@npm:1.2.3"
  checksum: dfd8fb3e68fc5900aa0220f34772d75a34f04507c2bfd63a967a1d1ed89c01366d65dd87f0e8c4071178aa25dc170ae5ea2eadf08fa07fc6893e6c2c91f83d6d
  languageName: node
  linkType: hard

"graceful-fs@npm:~2.0.0":
  version: 2.0.3
  resolution: "graceful-fs@npm:2.0.3"
  checksum: c8b1b54ee12f873b24688414a4d6bf5381fe09375e9398356cba38ce992a9469ec504541bcae274efb007a95bc911918a58e9df732fe05fb7630b6d4abb0a40a
  languageName: node
  linkType: hard

"growl@npm:1.8.1":
  version: 1.8.1
  resolution: "growl@npm:1.8.1"
  checksum: 99dbb498d832c160d166babca607ebc1363f9a695ad0d08b173f6fbadda377ddb3e9c87d683bf950cd3679ce2becd5dee46bbf4bbba303c725dc51ee8fad46d5
  languageName: node
  linkType: hard

"grunt-cli@npm:~0.1.13":
  version: 0.1.13
  resolution: "grunt-cli@npm:0.1.13"
  dependencies:
    findup-sync: ~0.1.0
    nopt: ~1.0.10
    resolve: ~0.3.1
  bin:
    grunt: bin/grunt
  checksum: 04434d7ea5c4d9107bb316c485ef8bbad89706ac47440aa655469e4648da0282124110757776c1f7fee411682fe58a519c754f13e40ebae93e3cf79211075515
  languageName: node
  linkType: hard

"grunt-coffeelint@npm:0.0.13":
  version: 0.0.13
  resolution: "grunt-coffeelint@npm:0.0.13"
  dependencies:
    coffeelint-stylish: ~0.1.0
  peerDependencies:
    coffeelint: ^1
    grunt: ~0.4
  checksum: 4eb7c6aa38cd962235f1ac28aa8796d66d864d7e67fe069a7d42ccaff12bee4fe342a38bee6d950618c4c0314f2f9ce93769e3a7f93d176fe76f6fc8d3c4867c
  languageName: node
  linkType: hard

"grunt-contrib-clean@npm:~0.6.0":
  version: 0.6.0
  resolution: "grunt-contrib-clean@npm:0.6.0"
  dependencies:
    rimraf: ~2.2.1
  peerDependencies:
    grunt: ~0.4.0
  checksum: 17c73c9cf9c7b64370063fc5ec57e602a83b82806f4465f1861cb40621c363b33d2715cc82619ef03217c35aa6707babd836ff329751df7c61ea511146bafc18
  languageName: node
  linkType: hard

"grunt-contrib-coffee@npm:~0.13.0":
  version: 0.13.0
  resolution: "grunt-contrib-coffee@npm:0.13.0"
  dependencies:
    chalk: ^0.5.1
    coffee-script: ~1.9.1
    lodash: ^3.1.0
    uri-path: 0.0.2
  peerDependencies:
    grunt: ">=0.4.0"
  checksum: 52d4275de37edfa2ae9d8b253bde0b5d37a6d8c6b2cbde92989a344122aee29e3698af81a179f5e0cfe04ee51cbdd6a9e9a54c8f2b8d88b36880620f68872f0c
  languageName: node
  linkType: hard

"grunt-contrib-watch@npm:~0.6.1":
  version: 0.6.1
  resolution: "grunt-contrib-watch@npm:0.6.1"
  dependencies:
    async: ~0.2.9
    gaze: ~0.5.1
    lodash: ~2.4.1
    tiny-lr-fork: 0.0.5
  peerDependencies:
    grunt: ~0.4.0
  checksum: 9ac125a8e6d04d64d4b29c8d61437c71b8b5e0d0e0d7f15b23c88edf91fbf991b37ab5a02898651770925a085d100705550e0ae4724f8b3d95f19381ad0e810d
  languageName: node
  linkType: hard

"grunt-exec@npm:~0.4.3":
  version: 0.4.7
  resolution: "grunt-exec@npm:0.4.7"
  peerDependencies:
    grunt: ">=0.4"
  checksum: d71c58d94cf0748bb13813fbfdb68d3c0f50cd12d97d48274d0840028f16809d4eaee12964ca40fb819a3bb0692c1ca544729c95e2a0c3b3f28a41025a2ab4ce
  languageName: node
  linkType: hard

"grunt-jsonlint@npm:~1.0.4":
  version: 1.0.8
  resolution: "grunt-jsonlint@npm:1.0.8"
  dependencies:
    jsonlint: 1.6.2
    strip-json-comments: ^2.0.0
  checksum: a74e206e6659ebb07ce69b4db1c598b0f57b3e8599653eefc747a00f5f034d281bcd293616c07ac829475c03962480249a2f9fec97576ffdfc4c533a073fb1a6
  languageName: node
  linkType: hard

"grunt-legacy-log-utils@npm:~0.1.1":
  version: 0.1.1
  resolution: "grunt-legacy-log-utils@npm:0.1.1"
  dependencies:
    colors: ~0.6.2
    lodash: ~2.4.1
    underscore.string: ~2.3.3
  checksum: 739d319e3a7498d17f09ff1d18315b9af5f741acdb3ac4291c64973f22b747e02d1166bccbd2320b2e37d887f0abef33a9bdefa7cdbddebfbfad9b450f361998
  languageName: node
  linkType: hard

"grunt-legacy-log@npm:~0.1.0":
  version: 0.1.3
  resolution: "grunt-legacy-log@npm:0.1.3"
  dependencies:
    colors: ~0.6.2
    grunt-legacy-log-utils: ~0.1.1
    hooker: ~0.2.3
    lodash: ~2.4.1
    underscore.string: ~2.3.3
  checksum: 7fd70b428773743a702b5299b60f28cc7561935a6dda76febeeecd5a6cbd5902171e7363516dfeac80cfb33e83fd8465efc1befb25153efb3dfdf3767d8e4918
  languageName: node
  linkType: hard

"grunt-legacy-util@npm:~0.2.0":
  version: 0.2.0
  resolution: "grunt-legacy-util@npm:0.2.0"
  dependencies:
    async: ~0.1.22
    exit: ~0.1.1
    getobject: ~0.1.0
    hooker: ~0.2.3
    lodash: ~0.9.2
    underscore.string: ~2.2.1
    which: ~1.0.5
  checksum: f18a75a625191f6acc829c5bc35952e8a90c2dcdf295c743867aabd4f9e143c083024d7ff85320d5aed6379704624a36cf6b0a99ddd0d65b10d05e1d62b0eb6d
  languageName: node
  linkType: hard

"grunt-notify@npm:~0.4.1":
  version: 0.4.5
  resolution: "grunt-notify@npm:0.4.5"
  dependencies:
    semver: ^5.1.0
    stack-parser: ^0.0.1
    which: ^1.2.4
  checksum: 9c15cb28af2e858a6b34448d4300c2c329c380c1c133a6707efbe1ec02d367f6fd39621f2d6d5f75e93b108fbef4fa4d19163baaa960c277783b3c6ac6c2960e
  languageName: node
  linkType: hard

"grunt@npm:~0.4.5":
  version: 0.4.5
  resolution: "grunt@npm:0.4.5"
  dependencies:
    async: ~0.1.22
    coffee-script: ~1.3.3
    colors: ~0.6.2
    dateformat: 1.0.2-1.2.3
    eventemitter2: ~0.4.13
    exit: ~0.1.1
    findup-sync: ~0.1.2
    getobject: ~0.1.0
    glob: ~3.1.21
    grunt-legacy-log: ~0.1.0
    grunt-legacy-util: ~0.2.0
    hooker: ~0.2.3
    iconv-lite: ~0.2.11
    js-yaml: ~2.0.5
    lodash: ~0.9.2
    minimatch: ~0.2.12
    nopt: ~1.0.10
    rimraf: ~2.2.8
    underscore.string: ~2.2.1
    which: ~1.0.5
  checksum: 32a0fff4ff80b94d53fff34c80cca945ae156c0239761742714395f7e0f017ddddb3c7b4ee56b1a08bc01db932d63f5020997efd9287047e9ea09c8ba00bd32c
  languageName: node
  linkType: hard

"has-ansi@npm:^0.1.0":
  version: 0.1.0
  resolution: "has-ansi@npm:0.1.0"
  dependencies:
    ansi-regex: ^0.2.0
  bin:
    has-ansi: cli.js
  checksum: 4f26f2a76e394687e797d0069ddd433049c83c7e396cef6afea10a73ec1f51df4587b6ad1b97caccd19e668fdf2453122c47b1bb35aef9d3a51880c910ae7501
  languageName: node
  linkType: hard

"has-ansi@npm:^2.0.0":
  version: 2.0.0
  resolution: "has-ansi@npm:2.0.0"
  dependencies:
    ansi-regex: ^2.0.0
  checksum: c6805f5d01ced45ba247ff2b8c914f401e70aa9086552d8eafbdf6bc0b0e38ea4a3bf1a387d100ff5f07e5854bca96532a01777820a16be2cdf8cf6582091bad
  languageName: node
  linkType: hard

"has-color@npm:~0.1.0":
  version: 0.1.7
  resolution: "has-color@npm:0.1.7"
  checksum: 56775e5d514ac04c76191e284aff9c7bc7de6b964f6f3d8113458e86418cce05609b9da5e323dca48a24afead32e5cfd21ae9764264928bf3d1fb74847c9592e
  languageName: node
  linkType: hard

"has-symbols@npm:^1.0.0, has-symbols@npm:^1.0.1":
  version: 1.0.1
  resolution: "has-symbols@npm:1.0.1"
  checksum: 84e2a03ada6f530f0c1ebea64df5932556ac20a4b78998f1f2b5dd0cf736843e8082c488b0ea7f08b9aec72fb6d8b736beed2fd62fac60dcaebfdc0b8d2aa7ac
  languageName: node
  linkType: hard

"has@npm:^1.0.3":
  version: 1.0.3
  resolution: "has@npm:1.0.3"
  dependencies:
    function-bind: ^1.1.1
  checksum: c686e15300d41364486c099a9259d9c418022c294244843dcd712c4c286ff839d4f23a25413baa28c4d2c1e828afc2aaab70f685400b391533980223c71fa1ca
  languageName: node
  linkType: hard

"hooker@npm:~0.2.3":
  version: 0.2.3
  resolution: "hooker@npm:0.2.3"
  checksum: 9315a981d529162fcd3ee7966b25d083e6c18a8fa0ad07e00a9f52c1a11a2c1c0fc4c7a7d80a1b9d8e1eea1fa2ea6da1738eddfc02e94ecd4359eb4210033c13
  languageName: node
  linkType: hard

"iconv-lite@npm:~0.2.11":
  version: 0.2.11
  resolution: "iconv-lite@npm:0.2.11"
  checksum: 497fae28d6058ddf9e2a8a4f78c8b85bb8811f857cf6c0f16747d5722606b2604d8b54b83ac5bc3dcbd3fe62b5cf157e846b6f6f8866ed9e6ba13e94ce19cc21
  languageName: node
  linkType: hard

"ignore@npm:^2.2.15":
  version: 2.2.19
  resolution: "ignore@npm:2.2.19"
  checksum: 0594265d4365b132b92210a397c3bf2096ea55a9380d7da52d5ad3b56ca9bb4aa156b48fee70525199d2ea34c4999a22e011598c0c9f0e3d07ea1b8254f2b718
  languageName: node
  linkType: hard

"inflight@npm:^1.0.4":
  version: 1.0.6
  resolution: "inflight@npm:1.0.6"
  dependencies:
    once: ^1.3.0
    wrappy: 1
  checksum: 17c53fc42cbe7f7f471d2bc41b97a0cde4b79a74d5ff59997d3f75210566fa278e17596da526d43de2bd07e222706240ce50e60097e54f2cde2e64cbbb372638
  languageName: node
  linkType: hard

"inherits@npm:1":
  version: 1.0.2
  resolution: "inherits@npm:1.0.2"
  checksum: 49672126fd0540c1fb70fb3d60b5ca1c61f319aae1511a71ee6a95c1fb8dd68ee6e698e7fc465199a7d916ca012142092168f672e6e94a51bdf63a876bb07412
  languageName: node
  linkType: hard

"inherits@npm:2, inherits@npm:^2.0.3":
  version: 2.0.4
  resolution: "inherits@npm:2.0.4"
  checksum: 98426da247ddfc3dcd7d7daedd90c3ca32d5b08deca08949726f12d49232aef94772a07b36cf4ff833e105ae2ef931777f6de4a6dd8245a216b9299ad4a50bea
  languageName: node
  linkType: hard

"is-arguments@npm:^1.0.4":
  version: 1.0.4
  resolution: "is-arguments@npm:1.0.4"
  checksum: a04bc21254cfbb77c934ec51165ef7629c12cabd2a92c2c4333280b5117f138fcec6369dd2ab7d8fe24e3af7dbc2a4ce389c53ed0b55b0f8818788c3c09f4ad2
  languageName: node
  linkType: hard

"is-callable@npm:^1.1.4, is-callable@npm:^1.2.0":
  version: 1.2.0
  resolution: "is-callable@npm:1.2.0"
  checksum: 8a5e68b7c3a95159c98595789015da72e71432e638c4bc0aad4722ea6a1ffeca178838cfb6012f5b9cc1a8c61b737704bd658d8f588959a46a899961667e99f5
  languageName: node
  linkType: hard

"is-date-object@npm:^1.0.1":
  version: 1.0.2
  resolution: "is-date-object@npm:1.0.2"
  checksum: 0e322699464a99da638c8a583b74dfb791732b6bc9c102bc0b7ac6303d83c86b9935f19b8d2ed4de52092241190c8826b099cb31972dea49a99b755293c0b1cf
  languageName: node
  linkType: hard

"is-generator-function@npm:^1.0.7":
  version: 1.0.7
  resolution: "is-generator-function@npm:1.0.7"
  checksum: 6842c326097d94397bee53544b8d903dabf57a771e2bc36c1f4021106192b601b563372a1d34e921b10871740233a5f62d5d15adb3caf87665ab5932ccb8a83c
  languageName: node
  linkType: hard

"is-regex@npm:^1.1.0":
  version: 1.1.0
  resolution: "is-regex@npm:1.1.0"
  dependencies:
    has-symbols: ^1.0.1
  checksum: 8fe7ae8c060ff831660be439c17a39dadc97c950d2636634f27db83b6a048695b1c46d304ba8a77efe906fb20c99755fdf4a1f628fcf75de3cdcbb687096bdaa
  languageName: node
  linkType: hard

"is-symbol@npm:^1.0.2":
  version: 1.0.3
  resolution: "is-symbol@npm:1.0.3"
  dependencies:
    has-symbols: ^1.0.1
  checksum: 753aa0cf95069387521b110c6646df4e0b5cce76cf604521c26b4f5d30a997a95036ed5930c0cca9e850ac6fccb04de551cc95aab71df471ee88e04ed1a96f21
  languageName: node
  linkType: hard

"is-typed-array@npm:^1.1.3":
  version: 1.1.3
  resolution: "is-typed-array@npm:1.1.3"
  dependencies:
    available-typed-arrays: ^1.0.0
    es-abstract: ^1.17.4
    foreach: ^2.0.5
    has-symbols: ^1.0.1
  checksum: 9e4d525e831fd4f577ea1a74e103508d4ef1a138ffcd2f2ed7335eb513bde315b5e1ee6f82556e8414c14b414ecc1f6fd306129dd3a74370fc7209b8e26b75a4
  languageName: node
  linkType: hard

"isexe@npm:^2.0.0":
  version: 2.0.0
  resolution: "isexe@npm:2.0.0"
  checksum: 7b437980bb77881a146fba85cfbdf01edc2b148673e9c2722a1e49661fea73adf524430a80fdbfb8ce9f60d43224e682c657c45030482bd39e0c488fc29b4afe
  languageName: node
  linkType: hard

"jade@npm:0.26.3":
  version: 0.26.3
  resolution: "jade@npm:0.26.3"
  dependencies:
    commander: 0.6.1
    mkdirp: 0.3.0
  bin:
    jade: ./bin/jade
  checksum: ae6f926dd6bdf3933b65b82a5ca1fd64d73830c9ed418620787ebd9c8035c5aac0d3830cffecacd853f2db7d14d9ef061cbce3b248e759c19eef9a0c991f4678
  languageName: node
  linkType: hard

"js-yaml@npm:~2.0.5":
  version: 2.0.5
  resolution: "js-yaml@npm:2.0.5"
  dependencies:
    argparse: ~ 0.1.11
    esprima: ~ 1.0.2
  bin:
    js-yaml: bin/js-yaml.js
  checksum: 6387de5ff239a389f2793b7cfd378df035c180e3f2c075fc24697aaac991aa636e3216921c8072b75c8fa309336301d89940625fd159bcd8f91c822af1477014
  languageName: node
  linkType: hard

"jsonlint@npm:1.6.2":
  version: 1.6.2
  resolution: "jsonlint@npm:1.6.2"
  dependencies:
    JSV: ">= 4.0.x"
    nomnom: ">= 1.5.x"
  bin:
    jsonlint: lib/cli.js
  checksum: 9f4daa62fb40bfb0c00738cd7e8ae6aa154e75cfca48785e3cd73e7cedba7eded3496ab5e2e458c39016ce28d99340f1cbc99d61e0739852b34a0e90a8312c86
  languageName: node
  linkType: hard

"lodash@npm:^3.1.0":
  version: 3.10.1
  resolution: "lodash@npm:3.10.1"
  checksum: 0d90e79ce058c8d3e12a027a9fe7bc26107ec5c674c66bfe28c68931c12b7de2a5366477bd639adbf0e60407df3a259b77123c440e1fd2cec09ad1423b574a64
  languageName: node
  linkType: hard

"lodash@npm:~0.9.2":
  version: 0.9.2
  resolution: "lodash@npm:0.9.2"
  checksum: 5bf7e878c52bacb24711444259be9bfdf7c2444861cd7b02f0c485aa018a6e13ec8364119b85e07576395b54e9635079d959a526f12553664cc6e619ab35a883
  languageName: node
  linkType: hard

"lodash@npm:~1.0.1":
  version: 1.0.2
  resolution: "lodash@npm:1.0.2"
  checksum: 1a9ca9d771cbbcab1a04bb8be885e3437be83d50c6068c4a12b0c3913b3c05f356e96afd8c504e4dc82ef45d6f18edf1b4b8ce6dc2d26f32f0d1f7d0fb8170ec
  languageName: node
  linkType: hard

"lodash@npm:~2.4.1":
  version: 2.4.2
  resolution: "lodash@npm:2.4.2"
  checksum: 1e889ab1005a618f3dcde04af68a684c081fd27198499910b2d3bd12a37767cdf93705e66c7fa63651e61e3eb18ddf4de7ab2aabe7b7798574a3d18e6ce4de80
  languageName: node
  linkType: hard

"lolex@npm:1.1.0":
  version: 1.1.0
  resolution: "lolex@npm:1.1.0"
  checksum: 6984d650a143af5926e013e8aabfc41ff980ae95be4085e6014304f8cf11a7e6e4c093e233c928e262b658503097e0b42e33c160c191fc1e19fdfc59687cf290
  languageName: node
  linkType: hard

"lru-cache@npm:2":
  version: 2.7.3
  resolution: "lru-cache@npm:2.7.3"
  checksum: 79cb2e73a87a948577af726bba2aac5b04404445ea0cdfdcb418ed4f3ef097e5ac2212ec5133c006373d28c3bc5f0cccdb8c17556723a06bf8d46227b0e06ea6
  languageName: node
  linkType: hard

"minimatch@npm:0.3":
  version: 0.3.0
  resolution: "minimatch@npm:0.3.0"
  dependencies:
    lru-cache: 2
    sigmund: ~1.0.0
  checksum: 7e35d95d8eb1cfdff19d1ce4018a69483a9b2e21f57d5840a894cedafedee315224c7d5ac68ace590aa8d3e91fc16b596ae46a994d2e9c7acab46376aca7fb04
  languageName: node
  linkType: hard

"minimatch@npm:^2.0.1":
  version: 2.0.10
  resolution: "minimatch@npm:2.0.10"
  dependencies:
    brace-expansion: ^1.0.0
  checksum: 5be04c60528a25aee23884fc09f8bd5da42220970d02e95794ec549376fea736c5fe71865e013e92e2841ce432f36a89aa584c6d505de5503c260ccdae5eb6bb
  languageName: node
  linkType: hard

"minimatch@npm:~0.2.11, minimatch@npm:~0.2.12":
  version: 0.2.14
  resolution: "minimatch@npm:0.2.14"
  dependencies:
    lru-cache: 2
    sigmund: ~1.0.0
  checksum: 1262b71aa3c27133258fdd51f2639dadfc00133d457294f70c830b31c9eb11a12332ab34dc08e6c6b4a2e6fce12099c1fde9ff57a44c7cc4c530f29c4597bb74
  languageName: node
  linkType: hard

"minimist@npm:0.0.8":
  version: 0.0.8
  resolution: "minimist@npm:0.0.8"
  checksum: d71c4684bce92f9c0500e103498adb5e45bbda551763132a703306c2dab6f3a1f69eb6448c3ff3ea73fb562285dfd6ee3a354d5c0e5dd52e3d5f3037c82c0935
  languageName: node
  linkType: hard

"minimist@npm:~0.0.1":
  version: 0.0.10
  resolution: "minimist@npm:0.0.10"
  checksum: 2e45f013789db167eaffc5954531cd6adc9d1bcf86498b1a1de87f8aa4a3bb8ff393226107046a3e681e04e3ca8997156c9d7cf3a03a223ed5b535ae71d2e66e
  languageName: node
  linkType: hard

"mkdirp@npm:0.3.0":
  version: 0.3.0
  resolution: "mkdirp@npm:0.3.0"
  checksum: 61ad03ed8437f7d494b5842958e0892be639d43668f06de63f75da978124a8f6cab2e1c4d1bf6142925bf806bd424dd2c42394a8c0361f0babc3003d74fe4d1e
  languageName: node
  linkType: hard

"mkdirp@npm:0.5.0":
  version: 0.5.0
  resolution: "mkdirp@npm:0.5.0"
  dependencies:
    minimist: 0.0.8
  bin:
    mkdirp: bin/cmd.js
  checksum: 4b8ad996980a41bffdf86d82fa6782a583299dccc1c1dc1eda7c3d2f704e13351bccd502758faed29d523f66592649196bb5ab2b9b299b7421c8f53ef2863d3a
  languageName: node
  linkType: hard

"mocha@npm:~2.2.1":
  version: 2.2.5
  resolution: "mocha@npm:2.2.5"
  dependencies:
    commander: 2.3.0
    debug: 2.0.0
    diff: 1.4.0
    escape-string-regexp: 1.0.2
    glob: 3.2.3
    growl: 1.8.1
    jade: 0.26.3
    mkdirp: 0.5.0
    supports-color: ~1.2.0
  bin:
    _mocha: ./bin/_mocha
    mocha: ./bin/mocha
  checksum: 4420fbf42f3a95ac319fdb015efb1b2b30513064e5bb08327dfbb85bd6a5422d618a75852dce61b1fde887a1ff68670c77d4d55d5686a8d2953ecceb633ad164
  languageName: node
  linkType: hard

"ms@npm:0.6.2":
  version: 0.6.2
  resolution: "ms@npm:0.6.2"
  checksum: 58b15f75a33f042ce241d435c6eb218f46cd835f74db4f85b4dacf4143a92638cc0887be38423e79411da27dae103db3048a0d9aa4629607ab10c7d037b6f9e7
  languageName: node
  linkType: hard

"ms@npm:2.0.0":
  version: 2.0.0
  resolution: "ms@npm:2.0.0"
  checksum: 1a230340cc7f322fbe916783d8c8d60455407c6b7fb7f901d6ee34eb272402302c5c7f070a97b8531245cbb4ca6a0a623f6a128d7e5a5440cefa2c669c0b35bb
  languageName: node
  linkType: hard

"node-forge@npm:^0.7.1":
  version: 0.7.6
  resolution: "node-forge@npm:0.7.6"
  checksum: e5b744ccc35f57c78d8830bfd41f6429dc40ce5d37a2b4cf4e19a1750ff29d60f7fd2428bc0c75947b5a70b397835527d8af4dbfa73a191d1be912cb7970eace
  languageName: node
  linkType: hard

"nomnom@npm:>= 1.5.x":
  version: 1.8.1
  resolution: "nomnom@npm:1.8.1"
  dependencies:
    chalk: ~0.4.0
    underscore: ~1.6.0
  checksum: 371c8ec06ed43364a7202b3feb332fc431eceec47483c248e3cab417213324431ed1aab60e7cbe9cb399e2e7b5180c5bcefdb7e7931ec18cd817b22d896703ef
  languageName: node
  linkType: hard

"nopt@npm:~1.0.10":
  version: 1.0.10
  resolution: "nopt@npm:1.0.10"
  dependencies:
    abbrev: 1
  bin:
    nopt: ./bin/nopt.js
  checksum: fb74743e70abbabfdfa828be4b85ba7261ebdff439a9d5edc7a86871ddc45d4741e0724df91dff0a274ea4d3b6ef458c3c35a14ca97e53a6fe24264ff1d45a66
  languageName: node
  linkType: hard

"nopt@npm:~2.0.0":
  version: 2.0.0
  resolution: "nopt@npm:2.0.0"
  dependencies:
    abbrev: 1
  bin:
    nopt: ./bin/nopt.js
  checksum: 748365f16ec2669e15a5bc171b3c3cd12ceb7b2aa691336d0253d619a673703400f9a082ef28b58d7369cc4c95366e460349b938b2efd33d25e4af3b65c494f1
  languageName: node
  linkType: hard

"noptify@npm:~0.0.3":
  version: 0.0.3
  resolution: "noptify@npm:0.0.3"
  dependencies:
    nopt: ~2.0.0
  checksum: 68bf39962849a391215baee2e289d6fbd610c78f63e5b57fca33a099b14f4ec9f12603efa8b74d9151a6a0a271510e2bd317fd6ab0564fb316203cc90c034496
  languageName: node
  linkType: hard

"object-inspect@npm:^1.7.0":
  version: 1.8.0
  resolution: "object-inspect@npm:1.8.0"
  checksum: 4da23a188b3811d75fcd6e7916471465f94e4752159e064f9621040945d375dca1afa092a000a398267d81b4f40bf33cfdbe1e99eff98f1972155efe055f80c8
  languageName: node
  linkType: hard

"object-keys@npm:^1.0.11, object-keys@npm:^1.0.12, object-keys@npm:^1.1.1":
  version: 1.1.1
  resolution: "object-keys@npm:1.1.1"
  checksum: 30d72d768b7f3f42144cee517b80e70c40cf39bb76f100557ffac42779613c591780135c54d8133894a78d2c0ae817e24a5891484722c6019a5cd5b58c745c66
  languageName: node
  linkType: hard

"object.assign@npm:^4.1.0":
  version: 4.1.0
  resolution: "object.assign@npm:4.1.0"
  dependencies:
    define-properties: ^1.1.2
    function-bind: ^1.1.1
    has-symbols: ^1.0.0
    object-keys: ^1.0.11
  checksum: 92e20891ddf04d9974f7b178ae70d198727dcd638c8a5a422f07f730f40140c4fe02451cdc9c37e9f22392e5487b9162975003a9f20b16a87b9d13fe150cf62d
  languageName: node
  linkType: hard

"once@npm:^1.3.0":
  version: 1.4.0
  resolution: "once@npm:1.4.0"
  dependencies:
    wrappy: 1
  checksum: 57afc246536cf6494437f982b26475f22bee860f8b77ce8eb1543f42a8bffe04b2c66ddfea9a16cb25ccb80943f8ee4fc639367ef97b7a6a4f2672eb573963f5
  languageName: node
  linkType: hard

"optimist@npm:^0.6.1":
  version: 0.6.1
  resolution: "optimist@npm:0.6.1"
  dependencies:
    minimist: ~0.0.1
    wordwrap: ~0.0.2
  checksum: 14cb755f3864ce3459219e1c6a7cd043c7de14f0e6ec5acfc774728e9974a50ae153ebebfcf8a3d38f7bf273e120c6aae735b99d17377fa2c2e867df33402c16
  languageName: node
  linkType: hard

"qs@npm:~0.5.2":
  version: 0.5.6
  resolution: "qs@npm:0.5.6"
  checksum: 37b941faebc4156b831b443cae40f213f45bafb34c9afe0ecad6464b19b69e5735686e2e35dfa7fb4eafab20739bae392cfff31f800957235db807ff2df82f42
  languageName: node
  linkType: hard

resolve@^0.6.3:
  version: 0.6.3
  resolution: "resolve@npm:0.6.3"
  checksum: 582283613383fa7781ca6ae7b1bd61913b9a70fa738cb21681703a43ca8cc9f70bc4766bd250f49426ee666480c43e00508acedb30f88ec76e3786c1be8cc4a3
  languageName: node
  linkType: hard

"resolve@patch:resolve@^0.6.3#builtin<compat/resolve>":
  version: 0.6.3
  resolution: "resolve@patch:resolve@npm%3A0.6.3#builtin<compat/resolve>::version=0.6.3&hash=3388aa"
  checksum: 9b589f1793a9700af84c54214d58c9bf49437a5513280623a60962ea820dc2a358f071dded8c58384c5180ced172c7306ce335a243dc1383d3ff6a3a1ceb48de
  languageName: node
  linkType: hard

"resolve@patch:resolve@~0.3.1#builtin<compat/resolve>":
  version: 0.3.1
  resolution: "resolve@patch:resolve@npm%3A0.3.1#builtin<compat/resolve>::version=0.3.1&hash=3388aa"
  checksum: bfb2f08112ec5c9f5b24441a0eb2debf4cb3d26fc73f32adc42989d008c74a2656d0297b785980d7a56b9f4a6aada4a89e2872ce83b32ff6078bd646fa5e46a0
  languageName: node
  linkType: hard

resolve@~0.3.1:
  version: 0.3.1
  resolution: "resolve@npm:0.3.1"
  checksum: d0f61600e244c55646fce1a1c827fe056fa2cc9c6cf2dcbb6a901c3951d5af27a044ee528e99421df671ef5a92ee96445c450db395564462d8442bc8e8ca7d6d
  languageName: node
  linkType: hard

"rimraf@npm:~2.2.1, rimraf@npm:~2.2.8":
  version: 2.2.8
  resolution: "rimraf@npm:2.2.8"
  bin:
    rimraf: ./bin.js
  checksum: a84877f6c9027bdc3c501b0761603f0171e032581897308030b4314486ccd5ef65571239d62f23ee62a4a6cada948e2a9a0446da30ed3566498c1eee474f23e0
  languageName: node
  linkType: hard

"safe-buffer@npm:^5.1.2":
  version: 5.2.1
  resolution: "safe-buffer@npm:5.2.1"
  checksum: 0bb57f0d8f9d1fa4fe35ad8a2db1f83a027d48f2822d59ede88fd5cd4ddad83c0b497213feb7a70fbf90597a70c5217f735b0eb1850df40ce9b4ae81dd22b3f9
  languageName: node
  linkType: hard

"samsam@npm:~1.1":
  version: 1.1.3
  resolution: "samsam@npm:1.1.3"
  checksum: f59ddf3e63dbe5de1fd35f6733be0ca3a2b2cb3eeef414452b6c3198ebd2aef6bb4eb463be44cbe36c35ebecdb2ca29acd6b9a623a8bf6ad17e6cceee1ca263d
  languageName: node
  linkType: hard

"semver@npm:^5.1.0":
  version: 5.7.1
  resolution: "semver@npm:5.7.1"
  bin:
    semver: ./bin/semver
  checksum: 06ff0ed753ebf741b7602be8faad620d6e160a2cb3f61019d00d919c8bca141638aa23c34da779b8595afdc9faa3678bfbb5f60366b6a4f65f98cf86605bbcdb
  languageName: node
  linkType: hard

"sigmund@npm:~1.0.0":
  version: 1.0.1
  resolution: "sigmund@npm:1.0.1"
  checksum: f1a6ed3c5477c5d38e43d700a8c80f3042fbffbaf98ca7aeab223f6b922d6786bdf3c51d971a19f04e044f12d97310902d1fe6a5ed9bcc41556c2a8eff0f421e
  languageName: node
  linkType: hard

"sinon-chai@npm:~2.7.0":
  version: 2.7.0
  resolution: "sinon-chai@npm:2.7.0"
  peerDependencies:
    chai: ">=1.9.2 <3"
    sinon: ">=1.4.0 <2"
  checksum: d7c2642667f14c92da7e16027d3e0a8641e4aedd988132ebf487914079f1de33a7afa68ce4b97b66eff9e0885baf18d3a04f5f2b92d8aaee340cadd50d721bb9
  languageName: node
  linkType: hard

"sinon@npm:~1.14.1":
  version: 1.14.1
  resolution: "sinon@npm:1.14.1"
  dependencies:
    formatio: 1.1.1
    lolex: 1.1.0
    util: ">=0.10.3 <1"
  checksum: a651eeedad782939b7e6cf0f70a5ac65d59ca3f5b4e43f492e430f65bb0e7e371fe53209898e5c681ac1f47cfbd7a129f45c0793818931db10e122aca5711aed
  languageName: node
  linkType: hard

"split@npm:~0.3.3":
  version: 0.3.3
  resolution: "split@npm:0.3.3"
  dependencies:
    through: 2
  checksum: 4e20ae69b398d29820873dbba48baeefb6c1db3250cb2cdd467d91d571ea97232e94f21438d08824655d9436fd1c9994ce80e533c7b6a01923332f271bc8a1f4
  languageName: node
  linkType: hard

"stack-parser@npm:^0.0.1":
  version: 0.0.1
  resolution: "stack-parser@npm:0.0.1"
  checksum: 7413ed1bbebefc9e5780567c3f198258a2aba80f8fea28fce9332a21e1a3178cfc90bc5e05481e6d403ca7b882ebedc57f4d20e6ef3c46534f58b0378ead2187
  languageName: node
  linkType: hard

"string.prototype.trimend@npm:^1.0.1":
  version: 1.0.1
  resolution: "string.prototype.trimend@npm:1.0.1"
  dependencies:
    define-properties: ^1.1.3
    es-abstract: ^1.17.5
  checksum: 93046463de6a3b4ae27d0622ae8795239c8d372b1be1a60122fce591bf7578b719becf00bf04326642a868bc6185f35901119b61a246509dd0dc0666b2a803ed
  languageName: node
  linkType: hard

"string.prototype.trimstart@npm:^1.0.1":
  version: 1.0.1
  resolution: "string.prototype.trimstart@npm:1.0.1"
  dependencies:
    define-properties: ^1.1.3
    es-abstract: ^1.17.5
  checksum: 20c4a940f1ba65b0aa5abf0c319dceba4fbf04d24553583b0b82eba2711815d1e40663ce36175ed06475701dbe797cac81be1ec1dc4bb4416b2077e8b0409036
  languageName: node
  linkType: hard

"strip-ansi@npm:^0.3.0":
  version: 0.3.0
  resolution: "strip-ansi@npm:0.3.0"
  dependencies:
    ansi-regex: ^0.2.1
  bin:
    strip-ansi: cli.js
  checksum: 765ce0270eda45a2e99df8766c41fb76ac7bde4855ef1c3c527ca97b0566abdf16857d245a33c08ffeff8fa1d1ac504138595ad3c204fe9f01e40fe1aa29a9fd
  languageName: node
  linkType: hard

"strip-ansi@npm:^3.0.0":
  version: 3.0.1
  resolution: "strip-ansi@npm:3.0.1"
  dependencies:
    ansi-regex: ^2.0.0
  checksum: 98772dcf440d08f65790ee38cd186b1f139fa69b430e75f9d9c11f97058662f82a22c2ba03a30f502f948958264e99051524fbf1819edaa8a8bbb909ece297da
  languageName: node
  linkType: hard

"strip-ansi@npm:~0.1.0":
  version: 0.1.1
  resolution: "strip-ansi@npm:0.1.1"
  bin:
    strip-ansi: cli.js
  checksum: 4903d35c84023c925a4c417c2d7bdfe56abe45f974da43cac6fe660a098976dd32a2877a17b38687c341a40318a47ef61fac16f2640974bc131301eb6f14d911
  languageName: node
  linkType: hard

"strip-json-comments@npm:^1.0.2":
  version: 1.0.4
  resolution: "strip-json-comments@npm:1.0.4"
  bin:
    strip-json-comments: cli.js
  checksum: f37f9b3465688adf2306b0db60171849f901f6f87e524550e5f275e41c826ea88a25a4d8e79b5b5fccd22dd90f84f0963ad8d93c3091adabd70616f023ea26b9
  languageName: node
  linkType: hard

"strip-json-comments@npm:^2.0.0":
  version: 2.0.1
  resolution: "strip-json-comments@npm:2.0.1"
  checksum: e60d99aa2849c27a04dce0620334f45822197df6b83664dd3746971e9a0a766d989dbb8d87f9cb7350725d2b5df401a2343222ad06e36a1ba7d62c6633267fcb
  languageName: node
  linkType: hard

"supports-color@npm:^0.2.0":
  version: 0.2.0
  resolution: "supports-color@npm:0.2.0"
  bin:
    supports-color: cli.js
  checksum: a626d1668349eb96dbdf9eef2755dda76b89cb2799ed3da5a649f76ec001fda44f1b43e3205edc6379eaa7991926449cf55f73c21a4f3607dbe2c004d06da285
  languageName: node
  linkType: hard

"supports-color@npm:^2.0.0":
  version: 2.0.0
  resolution: "supports-color@npm:2.0.0"
  checksum: 5d6fb449e29f779cc639756f0d6b9ab6138048e753683cd2c647f36a9254714051909a5f569e6aa83c5310c8dfe8a1f481967e02bef401ac8eed46ee0950d779
  languageName: node
  linkType: hard

"supports-color@npm:~1.2.0":
  version: 1.2.1
  resolution: "supports-color@npm:1.2.1"
  bin:
    supports-color: cli.js
  checksum: 22f995c4ef0a0caeaacd28a86f32cc710012a88bc65296614ba05867c2b0107df8523a3b5356f563525ba15eece47d903532c45307a1ba7d549e029b2d894c2b
  languageName: node
  linkType: hard

"text-table@npm:^0.2.0":
  version: 0.2.0
  resolution: "text-table@npm:0.2.0"
  checksum: 373904ce70524ba11ec7e1905c44fb92671132d5e0b0aba2fb48057161f8bf9cbf7f6178f0adf31810150cf44fb52c7b912dc722bff3fddf9688378596dbeb56
  languageName: node
  linkType: hard

"through@npm:2":
  version: 2.3.8
  resolution: "through@npm:2.3.8"
  checksum: 918d9151680b5355990011eb8c4b02e8cb8cf6e9fb6ea3d3e5a1faa688343789e261634ae35de4ea9167ab029d1e7bac6af2fe61b843931768d405fdc3e8897c
  languageName: node
  linkType: hard

"tiny-lr-fork@npm:0.0.5":
  version: 0.0.5
  resolution: "tiny-lr-fork@npm:0.0.5"
  dependencies:
    debug: ~0.7.0
    faye-websocket: ~0.4.3
    noptify: ~0.0.3
    qs: ~0.5.2
  bin:
    tiny-lr-fork: ./bin/tiny-lr
  checksum: 1b2da70fcc084aaae9f5ca7892a616be1543949903a092f4ca74e63bf7e6a2c0a1b0af202d0683dc95bbfa8e40465a8ccc341418c6d1b187a0da5359097e745c
  languageName: node
  linkType: hard

"type-detect@npm:0.1.1":
  version: 0.1.1
  resolution: "type-detect@npm:0.1.1"
  checksum: 97de17504729a909c095c825db14953c75f8648ca75689e01fe0cb5acd467d06e1e9a993e8fe7d1206db5aaaa75e6b2962852d32091564c477f21bcccaf801f2
  languageName: node
  linkType: hard

"underscore.string@npm:~2.2.1":
  version: 2.2.1
  resolution: "underscore.string@npm:2.2.1"
  checksum: db5485614cd6f99ed516b2c0bcd0733b99b201f7eafe8d02530fdb279de81c4219ee46b0b3b52df2e8e17919b04c2a9386c4ffad431f11553de62fb08a9d8599
  languageName: node
  linkType: hard

"underscore.string@npm:~2.3.3":
  version: 2.3.3
  resolution: "underscore.string@npm:2.3.3"
  checksum: 2c5f2bfbf5bfaa54096a9d9fdb0fc98a23842c6f1916977a7975f794bd3ef1995bcee9b42f6e266fc868753476a2ba44e2ad7afc7dac08eccefd38cbb37d0f7b
  languageName: node
  linkType: hard

"underscore.string@npm:~2.4.0":
  version: 2.4.0
  resolution: "underscore.string@npm:2.4.0"
  checksum: a7a8231dfb0269694f906fb022d7eddc3994f260a654a09d3833f3d2dde12ddb2ad5021ca27041c316518c5e0261960dd86e76e86e5af8077090a92cba6293b0
  languageName: node
  linkType: hard

"underscore@npm:~1.6.0":
  version: 1.6.0
  resolution: "underscore@npm:1.6.0"
  checksum: 0ee8c00c3cc45ef5d3c43d87cec725c66faf21afc5ba0e5dfb732b757d73c05617ae3dfadf80e0e9a43201d97897162240217a1ccabd8680589aa6c9fd9d420c
  languageName: node
  linkType: hard

"underscore@npm:~1.7.0":
  version: 1.7.0
  resolution: "underscore@npm:1.7.0"
  checksum: ba1d3ceeb6144bcbb82ec8fc75149755256bdb7c5d5b6bb2adb4fcb00a27c3eb718ee9e5a4a8868f3d5dcf1f821267532863ea44f8488418c8fe0924b05fae77
  languageName: node
  linkType: hard

"uri-path@npm:0.0.2":
  version: 0.0.2
  resolution: "uri-path@npm:0.0.2"
  checksum: af7dd50ead04a65d6aea21fbe6affd173bb52a9094395901ecd2be5e5b852a176317416d8eca2bc91bceb557a99929ffe5a74e5bde8af0204407a6e6e3c29e5c
  languageName: node
  linkType: hard

"util@npm:>=0.10.3 <1":
  version: 0.12.3
  resolution: "util@npm:0.12.3"
  dependencies:
    inherits: ^2.0.3
    is-arguments: ^1.0.4
    is-generator-function: ^1.0.7
    is-typed-array: ^1.1.3
    safe-buffer: ^5.1.2
    which-typed-array: ^1.1.2
  checksum: 684f2f586db12c86b2c2800e5d4963fe2e95a85ece1e52f25344e54c29d62e985c716ec53b817970121e0ea47f99a971299998848e35a5d1c5953e182852d6fe
  languageName: node
  linkType: hard

"which-typed-array@npm:^1.1.2":
  version: 1.1.2
  resolution: "which-typed-array@npm:1.1.2"
  dependencies:
    available-typed-arrays: ^1.0.2
    es-abstract: ^1.17.5
    foreach: ^2.0.5
    function-bind: ^1.1.1
    has-symbols: ^1.0.1
    is-typed-array: ^1.1.3
  checksum: 577bfb6457f70f8c9ee117ef243c69d00fa0c92ffb82f1700c6fd8bf0a85de5f0582555f6259f250e2fb712d6dab04d3d140362555ccf116cdcfcf6b9bc41a99
  languageName: node
  linkType: hard

"which@npm:^1.2.4":
  version: 1.3.1
  resolution: "which@npm:1.3.1"
  dependencies:
    isexe: ^2.0.0
  bin:
    which: ./bin/which
  checksum: 298d95f9c185c4da22c1bfb1fdfa37c2ba56df8a6b98706ab361bf31a7d3a4845afaecfc48d4de7a259048842b5f2977f51b56f5c06c1f6a83dcf5a9e3de634a
  languageName: node
  linkType: hard

"which@npm:~1.0.5":
  version: 1.0.9
  resolution: "which@npm:1.0.9"
  bin:
    which: ./bin/which
  checksum: 724fe09459869175a0c26dfd0eafaad87c03431eb593dabce15e9f0efa3c0996cdbc90edb932d7bfb7a53cc31098cf6cf64be9820b049d40bd13bb772877f4e7
  languageName: node
  linkType: hard

"wordwrap@npm:~0.0.2":
  version: 0.0.3
  resolution: "wordwrap@npm:0.0.3"
  checksum: e8c84baa721bd7bc13a88e52e1bc25dd4d14accedafe04d24fbc400ba74ae6d620ac4eff5425d5cab342d1ff43f74396272492039b7d7a804bffd2039a153ff0
  languageName: node
  linkType: hard

"wrappy@npm:1":
  version: 1.0.2
  resolution: "wrappy@npm:1.0.2"
  checksum: 519fcda0fcdf0c16327be2de9d98646742307bc830277e8868529fcf7566f2b330a6453c233e0cdcb767d5838dd61a90984a02ecc983bcddebea5ad0833bbf98
  languageName: node
  linkType: hard
